{
  "name": "typescript",
  "version": "1.0.0",
  "lockfileVersion": 3,
  "requires": true,
  "packages": {
    "": {
      "name": "typescript",
      "version": "1.0.0",
      "license": "ISC",
      "devDependencies": {
        "prettier": "^4.0.0-alpha.13",
        "typescript": "^6.0.0-dev.20260102"
      }
    },
    "node_modules/prettier": {
      "version": "4.0.0-alpha.13",
      "resolved": "https://registry.npmjs.org/prettier/-/prettier-4.0.0-alpha.13.tgz",
      "integrity": "sha512-177K/2S5iYDKtvZkDC2ZMqpyXtoiiVQBVQZpcQsRs+ZIIUQxsXomWIjquAlwt2pXpio9riz5IgtaUEnoZH44tg==",
      "dev": true,
      "license": "MIT",
      "bin": {
        "prettier": "bin/prettier.cjs"
      },
      "engines": {
        "node": ">=18"
      },
      "funding": {
        "url": "https://github.com/prettier/prettier?sponsor=1"
      }
    },
    "node_modules/typescript": {
      "version": "6.0.0-dev.20260102",
      "resolved": "https://registry.npmjs.org/typescript/-/typescript-6.0.0-dev.20260102.tgz",
      "integrity": "sha512-84PI8xK3qgjraDi1sImRXyVhYMI653Zu5XNFVwCqbEIKU03s7ANAJ1I7KwtAb4lRy6xVBqHEMZuGVugqzZwepQ==",
      "dev": true,
      "license": "Apache-2.0",
      "bin": {
        "tsc": "bin/tsc",
        "tsserver": "bin/tsserver"
      },
      "engines": {
        "node": ">=14.17"
      }
    }
  }
}
